
Microsoft Visual Studio Solution File, Format Version 12.00
Project("{FAE04EC0-301F-11D3-BF4B-00C04F79EFBC}") = "CSC202-1_Project-1", "CSC202-1_Project-1\CSC202-1_Project-1.csproj", "{F3EF282F-0084-43C3-A343-FF125931477E}"
EndProject
Global
	GlobalSection(SolutionConfigurationPlatforms) = preSolution
		Debug|Any CPU = Debug|Any CPU
		Release|Any CPU = Release|Any CPU
	EndGlobalSection
	GlobalSection(ProjectConfigurationPlatforms) = postSolution
		{F3EF282F-0084-43C3-A343-FF125931477E}.Debug|Any CPU.ActiveCfg = Debug|Any CPU
		{F3EF282F-0084-43C3-A343-FF125931477E}.Debug|Any CPU.Build.0 = Debug|Any CPU
		{F3EF282F-0084-43C3-A343-FF125931477E}.Release|Any CPU.ActiveCfg = Release|Any CPU
		{F3EF282F-0084-43C3-A343-FF125931477E}.Release|Any CPU.Build.0 = Release|Any CPU
	EndGlobalSection
EndGlobal
